// !$*UTF8*$!
{
	archiveVersion = 1;
	classes = {
	};
	objectVersion = 50;
	objects = {

/* Begin PBXBuildFile section */
		851FF21021685A4C0016462A /* OnePasswordExtension.m in Sources */ = {isa = PBXBuildFile; fileRef = 851FF20E21685A4B0016462A /* OnePasswordExtension.m */; };
		851FF21121685A4C0016462A /* 1Password.xcassets in Resources */ = {isa = PBXBuildFile; fileRef = 851FF20F21685A4C0016462A /* 1Password.xcassets */; };
		85272ADE21AD01ED00C31747 /* HttpParameters.swift in Sources */ = {isa = PBXBuildFile; fileRef = 85272ADD21AD01ED00C31747 /* HttpParameters.swift */; };
		85272AE021AD104800C31747 /* UrlSessionError.swift in Sources */ = {isa = PBXBuildFile; fileRef = 85272ADF21AD104800C31747 /* UrlSessionError.swift */; };
		8542AC6C216304CD002845CF /* PwPushViewController+MessageUI.swift in Sources */ = {isa = PBXBuildFile; fileRef = 8542AC6B216304CD002845CF /* PwPushViewController+MessageUI.swift */; };
		8542AC6E216317EB002845CF /* Utilities.swift in Sources */ = {isa = PBXBuildFile; fileRef = 8542AC6D216317EB002845CF /* Utilities.swift */; };
		8569DE0A2173870E008E1EBB /* BigCaslon.ttf in Resources */ = {isa = PBXBuildFile; fileRef = 8569DE092173870E008E1EBB /* BigCaslon.ttf */; };
		857D484D216B77BB00C639FC /* PasswordPushObject.swift in Sources */ = {isa = PBXBuildFile; fileRef = 857D484C216B77BB00C639FC /* PasswordPushObject.swift */; };
		8593F4C221A3E1B000909224 /* PasswordPusherSettingsManager.swift in Sources */ = {isa = PBXBuildFile; fileRef = 8593F4C121A3E1B000909224 /* PasswordPusherSettingsManager.swift */; };
		85BD7A5E21A3AA5C008D1A38 /* PasswordPusherHandler.swift in Sources */ = {isa = PBXBuildFile; fileRef = 85BD7A5D21A3AA5C008D1A38 /* PasswordPusherHandler.swift */; };
		85DF79B4216290CB008BA272 /* Colors.xcassets in Resources */ = {isa = PBXBuildFile; fileRef = 85DF79B3216290CB008BA272 /* Colors.xcassets */; };
		85F0E409215DC34500D01FD4 /* AppDelegate.swift in Sources */ = {isa = PBXBuildFile; fileRef = 85F0E408215DC34500D01FD4 /* AppDelegate.swift */; };
		85F0E40B215DC34500D01FD4 /* PasswordPusherViewController.swift in Sources */ = {isa = PBXBuildFile; fileRef = 85F0E40A215DC34500D01FD4 /* PasswordPusherViewController.swift */; };
		85F0E40E215DC34500D01FD4 /* Main.storyboard in Resources */ = {isa = PBXBuildFile; fileRef = 85F0E40C215DC34500D01FD4 /* Main.storyboard */; };
		85F0E410215DC34A00D01FD4 /* Assets.xcassets in Resources */ = {isa = PBXBuildFile; fileRef = 85F0E40F215DC34A00D01FD4 /* Assets.xcassets */; };
		85F0E413215DC34A00D01FD4 /* LaunchScreen.storyboard in Resources */ = {isa = PBXBuildFile; fileRef = 85F0E411215DC34A00D01FD4 /* LaunchScreen.storyboard */; };
/* End PBXBuildFile section */

/* Begin PBXFileReference section */
		851FF20C21685A4A0016462A /* PasswordPusher-Bridging-Header.h */ = {isa = PBXFileReference; lastKnownFileType = sourcecode.c.h; path = "PasswordPusher-Bridging-Header.h"; sourceTree = "<group>"; };
		851FF20D21685A4B0016462A /* OnePasswordExtension.h */ = {isa = PBXFileReference; fileEncoding = 4; lastKnownFileType = sourcecode.c.h; path = OnePasswordExtension.h; sourceTree = "<group>"; };
		851FF20E21685A4B0016462A /* OnePasswordExtension.m */ = {isa = PBXFileReference; fileEncoding = 4; lastKnownFileType = sourcecode.c.objc; path = OnePasswordExtension.m; sourceTree = "<group>"; };
		851FF20F21685A4C0016462A /* 1Password.xcassets */ = {isa = PBXFileReference; lastKnownFileType = folder.assetcatalog; path = 1Password.xcassets; sourceTree = "<group>"; };
		85272ADD21AD01ED00C31747 /* HttpParameters.swift */ = {isa = PBXFileReference; lastKnownFileType = sourcecode.swift; path = HttpParameters.swift; sourceTree = "<group>"; };
		85272ADF21AD104800C31747 /* UrlSessionError.swift */ = {isa = PBXFileReference; lastKnownFileType = sourcecode.swift; path = UrlSessionError.swift; sourceTree = "<group>"; };
		8542AC6B216304CD002845CF /* PwPushViewController+MessageUI.swift */ = {isa = PBXFileReference; lastKnownFileType = sourcecode.swift; path = "PwPushViewController+MessageUI.swift"; sourceTree = "<group>"; };
		8542AC6D216317EB002845CF /* Utilities.swift */ = {isa = PBXFileReference; lastKnownFileType = sourcecode.swift; path = Utilities.swift; sourceTree = "<group>"; };
		8569DE092173870E008E1EBB /* BigCaslon.ttf */ = {isa = PBXFileReference; lastKnownFileType = file; path = BigCaslon.ttf; sourceTree = "<group>"; };
		857D484C216B77BB00C639FC /* PasswordPushObject.swift */ = {isa = PBXFileReference; lastKnownFileType = sourcecode.swift; path = PasswordPushObject.swift; sourceTree = "<group>"; };
		8593F4C121A3E1B000909224 /* PasswordPusherSettingsManager.swift */ = {isa = PBXFileReference; lastKnownFileType = sourcecode.swift; path = PasswordPusherSettingsManager.swift; sourceTree = "<group>"; };
		85BD7A5D21A3AA5C008D1A38 /* PasswordPusherHandler.swift */ = {isa = PBXFileReference; lastKnownFileType = sourcecode.swift; path = PasswordPusherHandler.swift; sourceTree = "<group>"; };
		85DF79B3216290CB008BA272 /* Colors.xcassets */ = {isa = PBXFileReference; lastKnownFileType = folder.assetcatalog; path = Colors.xcassets; sourceTree = "<group>"; };
		85F0E405215DC34500D01FD4 /* PasswordPusher.app */ = {isa = PBXFileReference; explicitFileType = wrapper.application; includeInIndex = 0; path = PasswordPusher.app; sourceTree = BUILT_PRODUCTS_DIR; };
		85F0E408215DC34500D01FD4 /* AppDelegate.swift */ = {isa = PBXFileReference; lastKnownFileType = sourcecode.swift; path = AppDelegate.swift; sourceTree = "<group>"; };
		85F0E40A215DC34500D01FD4 /* PasswordPusherViewController.swift */ = {isa = PBXFileReference; lastKnownFileType = sourcecode.swift; path = PasswordPusherViewController.swift; sourceTree = "<group>"; };
		85F0E40D215DC34500D01FD4 /* Base */ = {isa = PBXFileReference; lastKnownFileType = file.storyboard; name = Base; path = Base.lproj/Main.storyboard; sourceTree = "<group>"; };
		85F0E40F215DC34A00D01FD4 /* Assets.xcassets */ = {isa = PBXFileReference; lastKnownFileType = folder.assetcatalog; path = Assets.xcassets; sourceTree = "<group>"; };
		85F0E412215DC34A00D01FD4 /* Base */ = {isa = PBXFileReference; lastKnownFileType = file.storyboard; name = Base; path = Base.lproj/LaunchScreen.storyboard; sourceTree = "<group>"; };
		85F0E414215DC34A00D01FD4 /* Info.plist */ = {isa = PBXFileReference; lastKnownFileType = text.plist.xml; path = Info.plist; sourceTree = "<group>"; };
/* End PBXFileReference section */

/* Begin PBXFrameworksBuildPhase section */
		85F0E402215DC34500D01FD4 /* Frameworks */ = {
			isa = PBXFrameworksBuildPhase;
			buildActionMask = 2147483647;
			files = (
			);
			runOnlyForDeploymentPostprocessing = 0;
		};
/* End PBXFrameworksBuildPhase section */

/* Begin PBXGroup section */
		8569DE0821738659008E1EBB /* Fonts */ = {
			isa = PBXGroup;
			children = (
				8569DE092173870E008E1EBB /* BigCaslon.ttf */,
			);
			path = Fonts;
			sourceTree = "<group>";
		};
		857CDE64219D001B0089AE1E /* Resources */ = {
			isa = PBXGroup;
			children = (
				8569DE0821738659008E1EBB /* Fonts */,
				851FF20F21685A4C0016462A /* 1Password.xcassets */,
				85DF79B3216290CB008BA272 /* Colors.xcassets */,
				85F0E40F215DC34A00D01FD4 /* Assets.xcassets */,
			);
			path = Resources;
			sourceTree = "<group>";
		};
		857CDE65219D016E0089AE1E /* OnePassword */ = {
			isa = PBXGroup;
			children = (
				851FF20D21685A4B0016462A /* OnePasswordExtension.h */,
				851FF20E21685A4B0016462A /* OnePasswordExtension.m */,
			);
			path = OnePassword;
			sourceTree = "<group>";
		};
		85F0E3FC215DC34500D01FD4 = {
			isa = PBXGroup;
			children = (
				85F0E407215DC34500D01FD4 /* PasswordPusher */,
				85F0E406215DC34500D01FD4 /* Products */,
				851FF20C21685A4A0016462A /* PasswordPusher-Bridging-Header.h */,
			);
			sourceTree = "<group>";
		};
		85F0E406215DC34500D01FD4 /* Products */ = {
			isa = PBXGroup;
			children = (
				85F0E405215DC34500D01FD4 /* PasswordPusher.app */,
			);
			name = Products;
			sourceTree = "<group>";
		};
		85F0E407215DC34500D01FD4 /* PasswordPusher */ = {
			isa = PBXGroup;
			children = (
				85F0E40A215DC34500D01FD4 /* PasswordPusherViewController.swift */,
				8542AC6B216304CD002845CF /* PwPushViewController+MessageUI.swift */,
				85F0E40C215DC34500D01FD4 /* Main.storyboard */,
				8542AC6D216317EB002845CF /* Utilities.swift */,
				85F0E408215DC34500D01FD4 /* AppDelegate.swift */,
				857D484C216B77BB00C639FC /* PasswordPushObject.swift */,
				85272ADD21AD01ED00C31747 /* HttpParameters.swift */,
				85BD7A5D21A3AA5C008D1A38 /* PasswordPusherHandler.swift */,
				85272ADF21AD104800C31747 /* UrlSessionError.swift */,
				8593F4C121A3E1B000909224 /* PasswordPusherSettingsManager.swift */,
				857CDE64219D001B0089AE1E /* Resources */,
				85F0E41A215DC3DD00D01FD4 /* Supporting Files */,
				857CDE65219D016E0089AE1E /* OnePassword */,
			);
			path = PasswordPusher;
			sourceTree = "<group>";
		};
		85F0E41A215DC3DD00D01FD4 /* Supporting Files */ = {
			isa = PBXGroup;
			children = (
				85F0E411215DC34A00D01FD4 /* LaunchScreen.storyboard */,
				85F0E414215DC34A00D01FD4 /* Info.plist */,
			);
			path = "Supporting Files";
			sourceTree = "<group>";
		};
/* End PBXGroup section */

/* Begin PBXNativeTarget section */
		85F0E404215DC34500D01FD4 /* PasswordPusher */ = {
			isa = PBXNativeTarget;
			buildConfigurationList = 85F0E417215DC34A00D01FD4 /* Build configuration list for PBXNativeTarget "PasswordPusher" */;
			buildPhases = (
				85F0E401215DC34500D01FD4 /* Sources */,
				85F0E402215DC34500D01FD4 /* Frameworks */,
				85F0E403215DC34500D01FD4 /* Resources */,
			);
			buildRules = (
			);
			dependencies = (
			);
			name = PasswordPusher;
			productName = PasswordPusher;
			productReference = 85F0E405215DC34500D01FD4 /* PasswordPusher.app */;
			productType = "com.apple.product-type.application";
		};
/* End PBXNativeTarget section */

/* Begin PBXProject section */
		85F0E3FD215DC34500D01FD4 /* Project object */ = {
			isa = PBXProject;
			attributes = {
				LastSwiftUpdateCheck = 1000;
				LastUpgradeCheck = 1000;
				ORGANIZATIONNAME = "Brian Ogilvie Development";
				TargetAttributes = {
					85F0E404215DC34500D01FD4 = {
						CreatedOnToolsVersion = 10.0;
						LastSwiftMigration = 1000;
					};
				};
			};
			buildConfigurationList = 85F0E400215DC34500D01FD4 /* Build configuration list for PBXProject "PasswordPusher" */;
			compatibilityVersion = "Xcode 9.3";
			developmentRegion = en;
			hasScannedForEncodings = 0;
			knownRegions = (
				en,
				Base,
			);
			mainGroup = 85F0E3FC215DC34500D01FD4;
			productRefGroup = 85F0E406215DC34500D01FD4 /* Products */;
			projectDirPath = "";
			projectRoot = "";
			targets = (
				85F0E404215DC34500D01FD4 /* PasswordPusher */,
			);
		};
/* End PBXProject section */

/* Begin PBXResourcesBuildPhase section */
		85F0E403215DC34500D01FD4 /* Resources */ = {
			isa = PBXResourcesBuildPhase;
			buildActionMask = 2147483647;
			files = (
				851FF21121685A4C0016462A /* 1Password.xcassets in Resources */,
				8569DE0A2173870E008E1EBB /* BigCaslon.ttf in Resources */,
				85F0E413215DC34A00D01FD4 /* LaunchScreen.storyboard in Resources */,
				85DF79B4216290CB008BA272 /* Colors.xcassets in Resources */,
				85F0E410215DC34A00D01FD4 /* Assets.xcassets in Resources */,
				85F0E40E215DC34500D01FD4 /* Main.storyboard in Resources */,
			);
			runOnlyForDeploymentPostprocessing = 0;
		};
/* End PBXResourcesBuildPhase section */

/* Begin PBXSourcesBuildPhase section */
		85F0E401215DC34500D01FD4 /* Sources */ = {
			isa = PBXSourcesBuildPhase;
			buildActionMask = 2147483647;
			files = (
				8593F4C221A3E1B000909224 /* PasswordPusherSettingsManager.swift in Sources */,
				85BD7A5E21A3AA5C008D1A38 /* PasswordPusherHandler.swift in Sources */,
				85272AE021AD104800C31747 /* UrlSessionError.swift in Sources */,
				85272ADE21AD01ED00C31747 /* HttpParameters.swift in Sources */,
				85F0E40B215DC34500D01FD4 /* PasswordPusherViewController.swift in Sources */,
				8542AC6C216304CD002845CF /* PwPushViewController+MessageUI.swift in Sources */,
				851FF21021685A4C0016462A /* OnePasswordExtension.m in Sources */,
				857D484D216B77BB00C639FC /* PasswordPushObject.swift in Sources */,
				8542AC6E216317EB002845CF /* Utilities.swift in Sources */,
				85F0E409215DC34500D01FD4 /* AppDelegate.swift in Sources */,
			);
			runOnlyForDeploymentPostprocessing = 0;
		};
/* End PBXSourcesBuildPhase section */

/* Begin PBXVariantGroup section */
		85F0E40C215DC34500D01FD4 /* Main.storyboard */ = {
			isa = PBXVariantGroup;
			children = (
				85F0E40D215DC34500D01FD4 /* Base */,
			);
			name = Main.storyboard;
			sourceTree = "<group>";
		};
		85F0E411215DC34A00D01FD4 /* LaunchScreen.storyboard */ = {
			isa = PBXVariantGroup;
			children = (
				85F0E412215DC34A00D01FD4 /* Base */,
			);
			name = LaunchScreen.storyboard;
			sourceTree = "<group>";
		};
/* End PBXVariantGroup section */

/* Begin XCBuildConfiguration section */
		85F0E415215DC34A00D01FD4 /* Debug */ = {
			isa = XCBuildConfiguration;
			buildSettings = {
				ALWAYS_SEARCH_USER_PATHS = NO;
				CLANG_ANALYZER_NONNULL = YES;
				CLANG_ANALYZER_NUMBER_OBJECT_CONVERSION = YES_AGGRESSIVE;
				CLANG_CXX_LANGUAGE_STANDARD = "gnu++14";
				CLANG_CXX_LIBRARY = "libc++";
				CLANG_ENABLE_MODULES = YES;
				CLANG_ENABLE_OBJC_ARC = YES;
				CLANG_ENABLE_OBJC_WEAK = YES;
				CLANG_WARN_BLOCK_CAPTURE_AUTORELEASING = YES;
				CLANG_WARN_BOOL_CONVERSION = YES;
				CLANG_WARN_COMMA = YES;
				CLANG_WARN_CONSTANT_CONVERSION = YES;
				CLANG_WARN_DEPRECATED_OBJC_IMPLEMENTATIONS = YES;
				CLANG_WARN_DIRECT_OBJC_ISA_USAGE = YES_ERROR;
				CLANG_WARN_DOCUMENTATION_COMMENTS = YES;
				CLANG_WARN_EMPTY_BODY = YES;
				CLANG_WARN_ENUM_CONVERSION = YES;
				CLANG_WARN_INFINITE_RECURSION = YES;
				CLANG_WARN_INT_CONVERSION = YES;
				CLANG_WARN_NON_LITERAL_NULL_CONVERSION = YES;
				CLANG_WARN_OBJC_IMPLICIT_RETAIN_SELF = YES;
				CLANG_WARN_OBJC_LITERAL_CONVERSION = YES;
				CLANG_WARN_OBJC_ROOT_CLASS = YES_ERROR;
				CLANG_WARN_RANGE_LOOP_ANALYSIS = YES;
				CLANG_WARN_STRICT_PROTOTYPES = YES;
				CLANG_WARN_SUSPICIOUS_MOVE = YES;
				CLANG_WARN_UNGUARDED_AVAILABILITY = YES_AGGRESSIVE;
				CLANG_WARN_UNREACHABLE_CODE = YES;
				CLANG_WARN__DUPLICATE_METHOD_MATCH = YES;
				CODE_SIGN_IDENTITY = "iPhone Developer";
				COPY_PHASE_STRIP = NO;
				DEBUG_INFORMATION_FORMAT = dwarf;
				ENABLE_STRICT_OBJC_MSGSEND = YES;
				ENABLE_TESTABILITY = YES;
				GCC_C_LANGUAGE_STANDARD = gnu11;
				GCC_DYNAMIC_NO_PIC = NO;
				GCC_NO_COMMON_BLOCKS = YES;
				GCC_OPTIMIZATION_LEVEL = 0;
				GCC_PREPROCESSOR_DEFINITIONS = (
					"DEBUG=1",
					"$(inherited)",
				);
				GCC_WARN_64_TO_32_BIT_CONVERSION = YES;
				GCC_WARN_ABOUT_RETURN_TYPE = YES_ERROR;
				GCC_WARN_UNDECLARED_SELECTOR = YES;
				GCC_WARN_UNINITIALIZED_AUTOS = YES_AGGRESSIVE;
				GCC_WARN_UNUSED_FUNCTION = YES;
				GCC_WARN_UNUSED_VARIABLE = YES;
				IPHONEOS_DEPLOYMENT_TARGET = 12.0;
				MTL_ENABLE_DEBUG_INFO = INCLUDE_SOURCE;
				MTL_FAST_MATH = YES;
				ONLY_ACTIVE_ARCH = YES;
				SDKROOT = iphoneos;
				SWIFT_ACTIVE_COMPILATION_CONDITIONS = DEBUG;
				SWIFT_OPTIMIZATION_LEVEL = "-Onone";
			};
			name = Debug;
		};
		85F0E416215DC34A00D01FD4 /* Release */ = {
			isa = XCBuildConfiguration;
			buildSettings = {
				ALWAYS_SEARCH_USER_PATHS = NO;
				CLANG_ANALYZER_NONNULL = YES;
				CLANG_ANALYZER_NUMBER_OBJECT_CONVERSION = YES_AGGRESSIVE;
				CLANG_CXX_LANGUAGE_STANDARD = "gnu++14";
				CLANG_CXX_LIBRARY = "libc++";
				CLANG_ENABLE_MODULES = YES;
				CLANG_ENABLE_OBJC_ARC = YES;
				CLANG_ENABLE_OBJC_WEAK = YES;
				CLANG_WARN_BLOCK_CAPTURE_AUTORELEASING = YES;
				CLANG_WARN_BOOL_CONVERSION = YES;
				CLANG_WARN_COMMA = YES;
				CLANG_WARN_CONSTANT_CONVERSION = YES;
				CLANG_WARN_DEPRECATED_OBJC_IMPLEMENTATIONS = YES;
				CLANG_WARN_DIRECT_OBJC_ISA_USAGE = YES_ERROR;
				CLANG_WARN_DOCUMENTATION_COMMENTS = YES;
				CLANG_WARN_EMPTY_BODY = YES;
				CLANG_WARN_ENUM_CONVERSION = YES;
				CLANG_WARN_INFINITE_RECURSION = YES;
				CLANG_WARN_INT_CONVERSION = YES;
				CLANG_WARN_NON_LITERAL_NULL_CONVERSION = YES;
				CLANG_WARN_OBJC_IMPLICIT_RETAIN_SELF = YES;
				CLANG_WARN_OBJC_LITERAL_CONVERSION = YES;
				CLANG_WARN_OBJC_ROOT_CLASS = YES_ERROR;
				CLANG_WARN_RANGE_LOOP_ANALYSIS = YES;
				CLANG_WARN_STRICT_PROTOTYPES = YES;
				CLANG_WARN_SUSPICIOUS_MOVE = YES;
				CLANG_WARN_UNGUARDED_AVAILABILITY = YES_AGGRESSIVE;
				CLANG_WARN_UNREACHABLE_CODE = YES;
				CLANG_WARN__DUPLICATE_METHOD_MATCH = YES;
				CODE_SIGN_IDENTITY = "iPhone Developer";
				COPY_PHASE_STRIP = NO;
				DEBUG_INFORMATION_FORMAT = "dwarf-with-dsym";
				ENABLE_NS_ASSERTIONS = NO;
				ENABLE_STRICT_OBJC_MSGSEND = YES;
				GCC_C_LANGUAGE_STANDARD = gnu11;
				GCC_NO_COMMON_BLOCKS = YES;
				GCC_WARN_64_TO_32_BIT_CONVERSION = YES;
				GCC_WARN_ABOUT_RETURN_TYPE = YES_ERROR;
				GCC_WARN_UNDECLARED_SELECTOR = YES;
				GCC_WARN_UNINITIALIZED_AUTOS = YES_AGGRESSIVE;
				GCC_WARN_UNUSED_FUNCTION = YES;
				GCC_WARN_UNUSED_VARIABLE = YES;
				IPHONEOS_DEPLOYMENT_TARGET = 12.0;
				MTL_ENABLE_DEBUG_INFO = NO;
				MTL_FAST_MATH = YES;
				SDKROOT = iphoneos;
				SWIFT_COMPILATION_MODE = wholemodule;
				SWIFT_OPTIMIZATION_LEVEL = "-O";
				VALIDATE_PRODUCT = YES;
			};
			name = Release;
		};
		85F0E418215DC34A00D01FD4 /* Debug */ = {
			isa = XCBuildConfiguration;
			buildSettings = {
				ASSETCATALOG_COMPILER_APPICON_NAME = AppIcon;
				CLANG_ENABLE_MODULES = YES;
				CODE_SIGN_STYLE = Automatic;
				DEVELOPMENT_TEAM = M49Q787GTR;
				INFOPLIST_FILE = "PasswordPusher/Supporting Files/Info.plist";
				LD_RUNPATH_SEARCH_PATHS = (
					"$(inherited)",
					"@executable_path/Frameworks",
				);
				PRODUCT_BUNDLE_IDENTIFIER = com.arctouch.passwordpusher;
				PRODUCT_NAME = "$(TARGET_NAME)";
				SWIFT_OBJC_BRIDGING_HEADER = "PasswordPusher-Bridging-Header.h";
				SWIFT_OPTIMIZATION_LEVEL = "-Onone";
				SWIFT_VERSION = 4.2;
				TARGETED_DEVICE_FAMILY = "1,2";
			};
			name = Debug;
		};
		85F0E419215DC34A00D01FD4 /* Release */ = {
			isa = XCBuildConfiguration;
			buildSettings = {
				ASSETCATALOG_COMPILER_APPICON_NAME = AppIcon;
				CLANG_ENABLE_MODULES = YES;
				CODE_SIGN_STYLE = Automatic;
				DEVELOPMENT_TEAM = M49Q787GTR;
				INFOPLIST_FILE = "PasswordPusher/Supporting Files/Info.plist";
				LD_RUNPATH_SEARCH_PATHS = (
					"$(inherited)",
					"@executable_path/Frameworks",
				);
				PRODUCT_BUNDLE_IDENTIFIER = com.arctouch.passwordpusher;
				PRODUCT_NAME = "$(TARGET_NAME)";
				SWIFT_OBJC_BRIDGING_HEADER = "PasswordPusher-Bridging-Header.h";
				SWIFT_VERSION = 4.2;
				TARGETED_DEVICE_FAMILY = "1,2";
			};
			name = Release;
		};
/* End XCBuildConfiguration section */

/* Begin XCConfigurationList section */
		85F0E400215DC34500D01FD4 /* Build configuration list for PBXProject "PasswordPusher" */ = {
			isa = XCConfigurationList;
			buildConfigurations = (
				85F0E415215DC34A00D01FD4 /* Debug */,
				85F0E416215DC34A00D01FD4 /* Release */,
			);
			defaultConfigurationIsVisible = 0;
			defaultConfigurationName = Release;
		};
		85F0E417215DC34A00D01FD4 /* Build configuration list for PBXNativeTarget "PasswordPusher" */ = {
			isa = XCConfigurationList;
			buildConfigurations = (
				85F0E418215DC34A00D01FD4 /* Debug */,
				85F0E419215DC34A00D01FD4 /* Release */,
			);
			defaultConfigurationIsVisible = 0;
			defaultConfigurationName = Release;
		};
/* End XCConfigurationList section */
	};
	rootObject = 85F0E3FD215DC34500D01FD4 /* Project object */;
}
